PODS:
  - AFNetworking (2.5.1):
    - AFNetworking/NSURLConnection (= 2.5.1)
    - AFNetworking/NSURLSession (= 2.5.1)
    - AFNetworking/Reachability (= 2.5.1)
    - AFNetworking/Security (= 2.5.1)
    - AFNetworking/Serialization (= 2.5.1)
    - AFNetworking/UIKit (= 2.5.1)
  - AFNetworking/NSURLConnection (2.5.1):
    - AFNetworking/Reachability
    - AFNetworking/Security
    - AFNetworking/Serialization
  - AFNetworking/NSURLSession (2.5.1):
    - AFNetworking/Reachability
    - AFNetworking/Security
    - AFNetworking/Serialization
  - AFNetworking/Reachability (2.5.1)
  - AFNetworking/Security (2.5.1)
  - AFNetworking/Serialization (2.5.1)
  - AFNetworking/UIKit (2.5.1):
    - AFNetworking/NSURLConnection
    - AFNetworking/NSURLSession
  - AFOAuth2Manager (2.0.0):
    - AFNetworking (~> 2.2)
  - AlmappCore (0.5):
    - AFNetworking (~> 2.5)
    - FayeCpp (~> 0.1.5)
    - PromiseKit (~> 1.2.2)
    - PromiseKit-AFNetworking
    - UICKeyChainStore
  - ARChromeActivity (1.0.2)
  - BFPaperTabBarController (1.4.5):
    - UIColor+BFPaperColors
  - Colours (5.6.1)
  - DateTools (1.5.0)
  - DIDatepicker (0.1)
  - DZNSegmentedControl (1.2.2)
  - FayeCpp (0.1.9)
  - Google-Maps-iOS-SDK (1.9.2)
  - JSQMessagesViewController (6.1.3):
    - JSQSystemSoundPlayer (~> 2.0.1)
  - JSQSystemSoundPlayer (2.0.1)
  - KINWebBrowser (1.1.0):
    - ARChromeActivity (= 1.0.2)
    - TUSafariActivity (= 1.0.2)
  - Masonry (0.6.1)
  - MRoundedButton (1.1)
  - MRProgress (0.8.1):
    - MRProgress/ActivityIndicator (= 0.8.1)
    - MRProgress/Blur (= 0.8.1)
    - MRProgress/Circular (= 0.8.1)
    - MRProgress/Icons (= 0.8.1)
    - MRProgress/NavigationBarProgress (= 0.8.1)
    - MRProgress/Overlay (= 0.8.1)
  - MRProgress/ActivityIndicator (0.8.1):
    - MRProgress/Stopable
  - MRProgress/Blur (0.8.1):
    - MRProgress/Helper
  - MRProgress/Circular (0.8.1):
    - MRProgress/Helper
    - MRProgress/ProgressBaseClass
    - MRProgress/Stopable
  - MRProgress/Helper (0.8.1)
  - MRProgress/Icons (0.8.1)
  - MRProgress/NavigationBarProgress (0.8.1):
    - MRProgress/ProgressBaseClass
  - MRProgress/Overlay (0.8.1):
    - MRProgress/ActivityIndicator
    - MRProgress/Blur
    - MRProgress/Circular
    - MRProgress/Helper
    - MRProgress/Icons
  - MRProgress/ProgressBaseClass (0.8.1)
  - MRProgress/Stopable (0.8.1):
    - MRProgress/Helper
  - NGAParallaxMotion (1.1.0)
  - OMGHTTPURLRQ (2.1):
    - OMGHTTPURLRQ/RQ (= 2.1)
  - OMGHTTPURLRQ/FormURLEncode (2.1)
  - OMGHTTPURLRQ/RQ (2.1):
    - OMGHTTPURLRQ/FormURLEncode
    - OMGHTTPURLRQ/UserAgent
  - OMGHTTPURLRQ/UserAgent (2.1)
  - Ono (1.2.0)
  - pop (1.0.7)
  - PromiseKit (1.2.5):
    - PromiseKit/CALayer (= 1.2.5)
    - PromiseKit/NSNotificationCenter (= 1.2.5)
    - PromiseKit/NSURLConnection (= 1.2.5)
    - PromiseKit/Pause (= 1.2.5)
    - PromiseKit/UIActionSheet (= 1.2.5)
    - PromiseKit/UIAlertView (= 1.2.5)
    - PromiseKit/UIView (= 1.2.5)
    - PromiseKit/UIViewController (= 1.2.5)
    - PromiseKit/Until (= 1.2.5)
    - PromiseKit/When (= 1.2.5)
  - PromiseKit-AFNetworking (0.1.5):
    - AFNetworking (~> 2.0)
    - PromiseKit/Promise
  - PromiseKit/CALayer (1.2.5):
    - PromiseKit/Promise
  - PromiseKit/NSNotificationCenter (1.2.5):
    - PromiseKit/Promise
  - PromiseKit/NSURLConnection (1.2.5):
    - OMGHTTPURLRQ
    - PromiseKit/Promise
  - PromiseKit/Pause (1.2.5):
    - PromiseKit/Promise
  - PromiseKit/Promise (1.2.5)
  - PromiseKit/UIActionSheet (1.2.5):
    - PromiseKit/Promise
  - PromiseKit/UIAlertView (1.2.5):
    - PromiseKit/Promise
  - PromiseKit/UIView (1.2.5):
    - PromiseKit/Promise
  - PromiseKit/UIViewController (1.2.5):
    - PromiseKit/Promise
  - PromiseKit/Until (1.2.5):
    - PromiseKit/Promise
    - PromiseKit/When
  - PromiseKit/When (1.2.5):
    - PromiseKit/Promise
  - QMBParallaxScrollViewController (HEAD based on 0.1)
  - Realm (0.90.5):
    - Realm/Headers (= 0.90.5)
  - Realm+JSON (0.2.5):
    - Realm (~> 0.90)
  - Realm/Headers (0.90.5)
  - RESideMenu (4.0.7)
  - RKNotificationHub (1.0.4)
  - SKPanoramaView (0.1.1)
  - SKTagView (HEAD based on 0.4):
    - Masonry
  - TDBadgedCell (2.6)
  - THLabel (1.4.6)
  - TLYShyNavBar (0.9.8)
  - TUSafariActivity (1.0.2)
  - UICKeyChainStore (2.0.4)
  - UIColor+BFPaperColors (1.3.1)

DEPENDENCIES:
  - AFOAuth2Manager (from `https://github.com/iamcam/AFOAuth2Manager`, commit `7470a389ea74034923999202eedfc04f036b3d37`)
  - AlmappCore (from `https://github.com/almapp/AlmappCore-ios.git`, commit `949ae87248a7e99907ffa1fadb78509de7e1d67e`, branch `master`)
  - BFPaperTabBarController (~> 1.4.5)
  - Colours
  - DateTools
  - DIDatepicker (from `https://github.com/mrpatiwi/DIDatepicker.git`, commit `5f3f586ff9250996097c7cefc13662063e45d1cb`, branch `master`)
  - DZNSegmentedControl
  - Google-Maps-iOS-SDK
  - JSQMessagesViewController
  - KINWebBrowser (from `https://github.com/mrpatiwi/KINWebBrowser.git`, commit `4aa1aca37e9771c985e9e7fbeb4a79d3d8157946`)
  - MRoundedButton (from `https://github.com/mrpatiwi/MRoundedButton.git`, commit `3cabf1e255a93ee9db77475971304e6480865e08`, branch `no-example`)
  - MRProgress
  - NGAParallaxMotion
  - Ono
  - pop (~> 1.0)
  - QMBParallaxScrollViewController (HEAD)
  - Realm+JSON (from `https://github.com/mrpatiwi/Realm-JSON.git`, commit `6e2b4ed0a08edcfc7a98dc6318ca0bd9372377ab`)
  - RESideMenu (~> 4.0.7)
  - RKNotificationHub
  - SKPanoramaView
  - SKTagView (HEAD)
  - TDBadgedCell
  - THLabel (~> 1.4.6)
  - TLYShyNavBar

EXTERNAL SOURCES:
  AFOAuth2Manager:
    :commit: 7470a389ea74034923999202eedfc04f036b3d37
    :git: https://github.com/iamcam/AFOAuth2Manager
  AlmappCore:
    :branch: master
    :commit: 949ae87248a7e99907ffa1fadb78509de7e1d67e
    :git: https://github.com/almapp/AlmappCore-ios.git
  DIDatepicker:
    :branch: master
    :commit: 5f3f586ff9250996097c7cefc13662063e45d1cb
    :git: https://github.com/mrpatiwi/DIDatepicker.git
  KINWebBrowser:
    :commit: 4aa1aca37e9771c985e9e7fbeb4a79d3d8157946
    :git: https://github.com/mrpatiwi/KINWebBrowser.git
  MRoundedButton:
    :branch: no-example
    :commit: 3cabf1e255a93ee9db77475971304e6480865e08
    :git: https://github.com/mrpatiwi/MRoundedButton.git
  Realm+JSON:
    :commit: 6e2b4ed0a08edcfc7a98dc6318ca0bd9372377ab
    :git: https://github.com/mrpatiwi/Realm-JSON.git

CHECKOUT OPTIONS:
  AFOAuth2Manager:
    :commit: 7470a389ea74034923999202eedfc04f036b3d37
    :git: https://github.com/iamcam/AFOAuth2Manager
  AlmappCore:
    :branch: master
    :commit: 949ae87248a7e99907ffa1fadb78509de7e1d67e
    :git: https://github.com/almapp/AlmappCore-ios.git
  DIDatepicker:
    :branch: master
    :commit: 5f3f586ff9250996097c7cefc13662063e45d1cb
    :git: https://github.com/mrpatiwi/DIDatepicker.git
  KINWebBrowser:
    :commit: 4aa1aca37e9771c985e9e7fbeb4a79d3d8157946
    :git: https://github.com/mrpatiwi/KINWebBrowser.git
  MRoundedButton:
    :branch: no-example
    :commit: 3cabf1e255a93ee9db77475971304e6480865e08
    :git: https://github.com/mrpatiwi/MRoundedButton.git
  Realm+JSON:
    :commit: 6e2b4ed0a08edcfc7a98dc6318ca0bd9372377ab
    :git: https://github.com/mrpatiwi/Realm-JSON.git

SPEC CHECKSUMS:
  AFNetworking: 8bee59492a6ff15d69130efa4d0dc67e0094a52a
  AFOAuth2Manager: 6d76c16b475b707cd41aae5580c9b71123e472fd
  AlmappCore: 5fa09eff3fd7a9153a14c75f87f6c5dc5aecf478
  ARChromeActivity: 437b3e0c4cc43c19d7dd1af55bea98e008335151
  BFPaperTabBarController: 3a2c1ae4ba0ca297009558658bd103f3c4f0b579
  Colours: ecbcbb168f7e6190b76b34df1b477c103cb638eb
  DateTools: 7df78f0c4719eb28cfd2d58a90fafd036e73156c
  DIDatepicker: 5937543e2ad8c72d49b4ddd0c3a6d5f4fb087133
  DZNSegmentedControl: daa91d107904f7433e73852477f08450575be331
  FayeCpp: 77eac47338e90ed9c7099faa75458042f459eb3c
  Google-Maps-iOS-SDK: 3b89f4c151f8fc3ddb0e70dece9bcab33dbec2ea
  JSQMessagesViewController: e93a288a9662d4519c95a28a8c0eec10beae1bfc
  JSQSystemSoundPlayer: 55528c699a283aae2220d3ae7b8b527d2ecef4b4
  KINWebBrowser: da1593b2d6e52d727221d7ffec1406bb45b66da0
  Masonry: 2cb49fd14d203d2db5ca6bb017135b235dde9980
  MRoundedButton: cda3cc222090790418cfdf36f2ec3d6971d44b7a
  MRProgress: cd12726e001ea25dec133322d34cc4754cbc58f8
  NGAParallaxMotion: 62644b783178f75a234f458270f416afee89877c
  OMGHTTPURLRQ: f8c515dfd2f57a5d74c710978f600231f52afec5
  Ono: 2c9f6c8c50af1b40e988ff85a3f200574ee445cd
  pop: 2f14a1ea61339767af9e66741b418c831b3844df
  PromiseKit: 27e79737441ad8b9602c769ae7731ee963269837
  PromiseKit-AFNetworking: 16db750b394dcd12aa8527eb1bb9f209a36a49f7
  QMBParallaxScrollViewController: 81bb3a89d36f908712fe7c870cc0ebeb96a06edc
  Realm: aea25534b97be77995650c2339aa6ed010dfcc8a
  Realm+JSON: 0d26baf985e03db0c9e9d102887be5b9b4491e8a
  RESideMenu: a9c1cd2e64e60e1d3166ddac01a83e215a0e4d30
  RKNotificationHub: 04a08446faa30b801b7f227392e0ade6d4b9b9d0
  SKPanoramaView: ff41c7051c34b854ee4aeb352fa4c6d5570ac57f
  SKTagView: 2bce1d0495275c17775c28403276d89c63abd2ae
  TDBadgedCell: e683b5557d12ea4e28a8d6ac20b6e394abc2c1fe
  THLabel: 1cf3bad0f33c2bcdee075ce2e4f080791a374d95
  TLYShyNavBar: cf15a919cf7f6e79080ac5b95b56580a752cf64d
  TUSafariActivity: 63c6b0584d1f0a731e955c0e4d9c89cde63bedc2
  UICKeyChainStore: 2399076d0950e20fe859b8f817548cf6ca542dd7
  UIColor+BFPaperColors: c7e4c6e4d82e889d507b3c2d09e6caf816529f18

COCOAPODS: 0.35.0
